// !$*UTF8*$!
{
	archiveVersion = 1;
	classes = {
	};
	objectVersion = 77;
	objects = {

/* Begin PBXContainerItemProxy section */
		BAA39BB52F0BFC66001D5279 /* PBXContainerItemProxy */ = {
			isa = PBXContainerItemProxy;
			containerPortal = BAA39B9A2F0BFC66001D5279 /* Project object */;
			proxyType = 1;
			remoteGlobalIDString = BAA39BA12F0BFC66001D5279;
			remoteInfo = ruleGo;
		};
		BAA39BBF2F0BFC66001D5279 /* PBXContainerItemProxy */ = {
			isa = PBXContainerItemProxy;
			containerPortal = BAA39B9A2F0BFC66001D5279 /* Project object */;
			proxyType = 1;
			remoteGlobalIDString = BAA39BA12F0BFC66001D5279;
			remoteInfo = ruleGo;
		};
/* End PBXContainerItemProxy section */

/* Begin PBXFileReference section */
		BAA39BA22F0BFC66001D5279 /* ruleGo.app */ = {isa = PBXFileReference; explicitFileType = wrapper.application; includeInIndex = 0; path = ruleGo.app; sourceTree = BUILT_PRODUCTS_DIR; };
		BAA39BB42F0BFC66001D5279 /* ruleGoTests.xctest */ = {isa = PBXFileReference; explicitFileType = wrapper.cfbundle; includeInIndex = 0; path = ruleGoTests.xctest; sourceTree = BUILT_PRODUCTS_DIR; };
		BAA39BBE2F0BFC66001D5279 /* ruleGoUITests.xctest */ = {isa = PBXFileReference; explicitFileType = wrapper.cfbundle; includeInIndex = 0; path = ruleGoUITests.xctest; sourceTree = BUILT_PRODUCTS_DIR; };
/* End PBXFileReference section */

/* Begin PBXFileSystemSynchronizedRootGroup section */
		BAA39BA42F0BFC66001D5279 /* ruleGo */ = {
			isa = PBXFileSystemSynchronizedRootGroup;
			path = ruleGo;
			sourceTree = "<group>";
		};
		BAA39BB72F0BFC66001D5279 /* ruleGoTests */ = {
			isa = PBXFileSystemSynchronizedRootGroup;
			path = ruleGoTests;
			sourceTree = "<group>";
		};
		BAA39BC12F0BFC66001D5279 /* ruleGoUITests */ = {
			isa = PBXFileSystemSynchronizedRootGroup;
			path = ruleGoUITests;
			sourceTree = "<group>";
		};
/* End PBXFileSystemSynchronizedRootGroup section */

/* Begin PBXFrameworksBuildPhase section */
		BAA39B9F2F0BFC66001D5279 /* Frameworks */ = {
			isa = PBXFrameworksBuildPhase;
			buildActionMask = 2147483647;
			files = (
			);
			runOnlyForDeploymentPostprocessing = 0;
		};
		BAA39BB12F0BFC66001D5279 /* Frameworks */ = {
			isa = PBXFrameworksBuildPhase;
			buildActionMask = 2147483647;
			files = (
			);
			runOnlyForDeploymentPostprocessing = 0;
		};
		BAA39BBB2F0BFC66001D5279 /* Frameworks */ = {
			isa = PBXFrameworksBuildPhase;
			buildActionMask = 2147483647;
			files = (
			);
			runOnlyForDeploymentPostprocessing = 0;
		};
/* End PBXFrameworksBuildPhase section */

/* Begin PBXGroup section */
		BAA39B992F0BFC66001D5279 = {
			isa = PBXGroup;
			children = (
				BAA39BA42F0BFC66001D5279 /* ruleGo */,
				BAA39BB72F0BFC66001D5279 /* ruleGoTests */,
				BAA39BC12F0BFC66001D5279 /* ruleGoUITests */,
				BAA39BA32F0BFC66001D5279 /* Products */,
			);
			sourceTree = "<group>";
		};
		BAA39BA32F0BFC66001D5279 /* Products */ = {
			isa = PBXGroup;
			children = (
				BAA39BA22F0BFC66001D5279 /* ruleGo.app */,
				BAA39BB42F0BFC66001D5279 /* ruleGoTests.xctest */,
				BAA39BBE2F0BFC66001D5279 /* ruleGoUITests.xctest */,
			);
			name = Products;
			sourceTree = "<group>";
		};
/* End PBXGroup section */

/* Begin PBXNativeTarget section */
		BAA39BA12F0BFC66001D5279 /* ruleGo */ = {
			isa = PBXNativeTarget;
			buildConfigurationList = BAA39BC82F0BFC66001D5279 /* Build configuration list for PBXNativeTarget "ruleGo" */;
			buildPhases = (
				BAA39B9E2F0BFC66001D5279 /* Sources */,
				BAA39B9F2F0BFC66001D5279 /* Frameworks */,
				BAA39BA02F0BFC66001D5279 /* Resources */,
			);
			buildRules = (
			);
			dependencies = (
			);
			fileSystemSynchronizedGroups = (
				BAA39BA42F0BFC66001D5279 /* ruleGo */,
			);
			name = ruleGo;
			packageProductDependencies = (
			);
			productName = ruleGo;
			productReference = BAA39BA22F0BFC66001D5279 /* ruleGo.app */;
			productType = "com.apple.product-type.application";
		};
		BAA39BB32F0BFC66001D5279 /* ruleGoTests */ = {
			isa = PBXNativeTarget;
			buildConfigurationList = BAA39BCB2F0BFC66001D5279 /* Build configuration list for PBXNativeTarget "ruleGoTests" */;
			buildPhases = (
				BAA39BB02F0BFC66001D5279 /* Sources */,
				BAA39BB12F0BFC66001D5279 /* Frameworks */,
				BAA39BB22F0BFC66001D5279 /* Resources */,
			);
			buildRules = (
			);
			dependencies = (
				BAA39BB62F0BFC66001D5279 /* PBXTargetDependency */,
			);
			fileSystemSynchronizedGroups = (
				BAA39BB72F0BFC66001D5279 /* ruleGoTests */,
			);
			name = ruleGoTests;
			packageProductDependencies = (
			);
			productName = ruleGoTests;
			productReference = BAA39BB42F0BFC66001D5279 /* ruleGoTests.xctest */;
			productType = "com.apple.product-type.bundle.unit-test";
		};
		BAA39BBD2F0BFC66001D5279 /* ruleGoUITests */ = {
			isa = PBXNativeTarget;
			buildConfigurationList = BAA39BCE2F0BFC66001D5279 /* Build configuration list for PBXNativeTarget "ruleGoUITests" */;
			buildPhases = (
				BAA39BBA2F0BFC66001D5279 /* Sources */,
				BAA39BBB2F0BFC66001D5279 /* Frameworks */,
				BAA39BBC2F0BFC66001D5279 /* Resources */,
			);
			buildRules = (
			);
			dependencies = (
				BAA39BC02F0BFC66001D5279 /* PBXTargetDependency */,
			);
			fileSystemSynchronizedGroups = (
				BAA39BC12F0BFC66001D5279 /* ruleGoUITests */,
			);
			name = ruleGoUITests;
			packageProductDependencies = (
			);
			productName = ruleGoUITests;
			productReference = BAA39BBE2F0BFC66001D5279 /* ruleGoUITests.xctest */;
			productType = "com.apple.product-type.bundle.ui-testing";
		};
/* End PBXNativeTarget section */

/* Begin PBXProject section */
		BAA39B9A2F0BFC66001D5279 /* Project object */ = {
			isa = PBXProject;
			attributes = {
				BuildIndependentTargetsInParallel = 1;
				LastSwiftUpdateCheck = 1640;
				LastUpgradeCheck = 1640;
				TargetAttributes = {
					BAA39BA12F0BFC66001D5279 = {
						CreatedOnToolsVersion = 16.4;
					};
					BAA39BB32F0BFC66001D5279 = {
						CreatedOnToolsVersion = 16.4;
						TestTargetID = BAA39BA12F0BFC66001D5279;
					};
					BAA39BBD2F0BFC66001D5279 = {
						CreatedOnToolsVersion = 16.4;
						TestTargetID = BAA39BA12F0BFC66001D5279;
					};
				};
			};
			buildConfigurationList = BAA39B9D2F0BFC66001D5279 /* Build configuration list for PBXProject "ruleGo" */;
			developmentRegion = en;
			hasScannedForEncodings = 0;
			knownRegions = (
				en,
				Base,
			);
			mainGroup = BAA39B992F0BFC66001D5279;
			minimizedProjectReferenceProxies = 1;
			preferredProjectObjectVersion = 77;
			productRefGroup = BAA39BA32F0BFC66001D5279 /* Products */;
			projectDirPath = "";
			projectRoot = "";
			targets = (
				BAA39BA12F0BFC66001D5279 /* ruleGo */,
				BAA39BB32F0BFC66001D5279 /* ruleGoTests */,
				BAA39BBD2F0BFC66001D5279 /* ruleGoUITests */,
			);
		};
/* End PBXProject section */

/* Begin PBXResourcesBuildPhase section */
		BAA39BA02F0BFC66001D5279 /* Resources */ = {
			isa = PBXResourcesBuildPhase;
			buildActionMask = 2147483647;
			files = (
			);
			runOnlyForDeploymentPostprocessing = 0;
		};
		BAA39BB22F0BFC66001D5279 /* Resources */ = {
			isa = PBXResourcesBuildPhase;
			buildActionMask = 2147483647;
			files = (
			);
			runOnlyForDeploymentPostprocessing = 0;
		};
		BAA39BBC2F0BFC66001D5279 /* Resources */ = {
			isa = PBXResourcesBuildPhase;
			buildActionMask = 2147483647;
			files = (
			);
			runOnlyForDeploymentPostprocessing = 0;
		};
/* End PBXResourcesBuildPhase section */

/* Begin PBXSourcesBuildPhase section */
		BAA39B9E2F0BFC66001D5279 /* Sources */ = {
			isa = PBXSourcesBuildPhase;
			buildActionMask = 2147483647;
			files = (
			);
			runOnlyForDeploymentPostprocessing = 0;
		};
		BAA39BB02F0BFC66001D5279 /* Sources */ = {
			isa = PBXSourcesBuildPhase;
			buildActionMask = 2147483647;
			files = (
			);
			runOnlyForDeploymentPostprocessing = 0;
		};
		BAA39BBA2F0BFC66001D5279 /* Sources */ = {
			isa = PBXSourcesBuildPhase;
			buildActionMask = 2147483647;
			files = (
			);
			runOnlyForDeploymentPostprocessing = 0;
		};
/* End PBXSourcesBuildPhase section */

/* Begin PBXTargetDependency section */
		BAA39BB62F0BFC66001D5279 /* PBXTargetDependency */ = {
			isa = PBXTargetDependency;
			target = BAA39BA12F0BFC66001D5279 /* ruleGo */;
			targetProxy = BAA39BB52F0BFC66001D5279 /* PBXContainerItemProxy */;
		};
		BAA39BC02F0BFC66001D5279 /* PBXTargetDependency */ = {
			isa = PBXTargetDependency;
			target = BAA39BA12F0BFC66001D5279 /* ruleGo */;
			targetProxy = BAA39BBF2F0BFC66001D5279 /* PBXContainerItemProxy */;
		};
/* End PBXTargetDependency section */

/* Begin XCBuildConfiguration section */
		BAA39BC62F0BFC66001D5279 /* Debug */ = {
			isa = XCBuildConfiguration;
			buildSettings = {
				ALWAYS_SEARCH_USER_PATHS = NO;
				ASSETCATALOG_COMPILER_GENERATE_SWIFT_ASSET_SYMBOL_EXTENSIONS = YES;
				CLANG_ANALYZER_NONNULL = YES;
				CLANG_ANALYZER_NUMBER_OBJECT_CONVERSION = YES_AGGRESSIVE;
				CLANG_CXX_LANGUAGE_STANDARD = "gnu++20";
				CLANG_ENABLE_MODULES = YES;
				CLANG_ENABLE_OBJC_ARC = YES;
				CLANG_ENABLE_OBJC_WEAK = YES;
				CLANG_WARN_BLOCK_CAPTURE_AUTORELEASING = YES;
				CLANG_WARN_BOOL_CONVERSION = YES;
				CLANG_WARN_COMMA = YES;
				CLANG_WARN_CONSTANT_CONVERSION = YES;
				CLANG_WARN_DEPRECATED_OBJC_IMPLEMENTATIONS = YES;
				CLANG_WARN_DIRECT_OBJC_ISA_USAGE = YES_ERROR;
				CLANG_WARN_DOCUMENTATION_COMMENTS = YES;
				CLANG_WARN_EMPTY_BODY = YES;
				CLANG_WARN_ENUM_CONVERSION = YES;
				CLANG_WARN_INFINITE_RECURSION = YES;
				CLANG_WARN_INT_CONVERSION = YES;
				CLANG_WARN_NON_LITERAL_NULL_CONVERSION = YES;
				CLANG_WARN_OBJC_IMPLICIT_RETAIN_SELF = YES;
				CLANG_WARN_OBJC_LITERAL_CONVERSION = YES;
				CLANG_WARN_OBJC_ROOT_CLASS = YES_ERROR;
				CLANG_WARN_QUOTED_INCLUDE_IN_FRAMEWORK_HEADER = YES;
				CLANG_WARN_RANGE_LOOP_ANALYSIS = YES;
				CLANG_WARN_STRICT_PROTOTYPES = YES;
				CLANG_WARN_SUSPICIOUS_MOVE = YES;
				CLANG_WARN_UNGUARDED_AVAILABILITY = YES_AGGRESSIVE;
				CLANG_WARN_UNREACHABLE_CODE = YES;
				CLANG_WARN__DUPLICATE_METHOD_MATCH = YES;
				COPY_PHASE_STRIP = NO;
				DEBUG_INFORMATION_FORMAT = dwarf;
				DEVELOPMENT_TEAM = 4TJAX36LVS;
				ENABLE_STRICT_OBJC_MSGSEND = YES;
				ENABLE_TESTABILITY = YES;
				ENABLE_USER_SCRIPT_SANDBOXING = YES;
				GCC_C_LANGUAGE_STANDARD = gnu17;
				GCC_DYNAMIC_NO_PIC = NO;
				GCC_NO_COMMON_BLOCKS = YES;
				GCC_OPTIMIZATION_LEVEL = 0;
				GCC_PREPROCESSOR_DEFINITIONS = (
					"DEBUG=1",
					"$(inherited)",
				);
				GCC_WARN_64_TO_32_BIT_CONVERSION = YES;
				GCC_WARN_ABOUT_RETURN_TYPE = YES_ERROR;
				GCC_WARN_UNDECLARED_SELECTOR = YES;
				GCC_WARN_UNINITIALIZED_AUTOS = YES_AGGRESSIVE;
				GCC_WARN_UNUSED_FUNCTION = YES;
				GCC_WARN_UNUSED_VARIABLE = YES;
				IPHONEOS_DEPLOYMENT_TARGET = 18.5;
				LOCALIZATION_PREFERS_STRING_CATALOGS = YES;
				MTL_ENABLE_DEBUG_INFO = INCLUDE_SOURCE;
				MTL_FAST_MATH = YES;
				ONLY_ACTIVE_ARCH = YES;
				SDKROOT = iphoneos;
				SWIFT_ACTIVE_COMPILATION_CONDITIONS = "DEBUG $(inherited)";
				SWIFT_OPTIMIZATION_LEVEL = "-Onone";
			};
			name = Debug;
		};
		BAA39BC72F0BFC66001D5279 /* Release */ = {
			isa = XCBuildConfiguration;
			buildSettings = {
				ALWAYS_SEARCH_USER_PATHS = NO;
				ASSETCATALOG_COMPILER_GENERATE_SWIFT_ASSET_SYMBOL_EXTENSIONS = YES;
				CLANG_ANALYZER_NONNULL = YES;
				CLANG_ANALYZER_NUMBER_OBJECT_CONVERSION = YES_AGGRESSIVE;
				CLANG_CXX_LANGUAGE_STANDARD = "gnu++20";
				CLANG_ENABLE_MODULES = YES;
				CLANG_ENABLE_OBJC_ARC = YES;
				CLANG_ENABLE_OBJC_WEAK = YES;
				CLANG_WARN_BLOCK_CAPTURE_AUTORELEASING = YES;
				CLANG_WARN_BOOL_CONVERSION = YES;
				CLANG_WARN_COMMA = YES;
				CLANG_WARN_CONSTANT_CONVERSION = YES;
				CLANG_WARN_DEPRECATED_OBJC_IMPLEMENTATIONS = YES;
				CLANG_WARN_DIRECT_OBJC_ISA_USAGE = YES_ERROR;
				CLANG_WARN_DOCUMENTATION_COMMENTS = YES;
				CLANG_WARN_EMPTY_BODY = YES;
				CLANG_WARN_ENUM_CONVERSION = YES;
				CLANG_WARN_INFINITE_RECURSION = YES;
				CLANG_WARN_INT_CONVERSION = YES;
				CLANG_WARN_NON_LITERAL_NULL_CONVERSION = YES;
				CLANG_WARN_OBJC_IMPLICIT_RETAIN_SELF = YES;
				CLANG_WARN_OBJC_LITERAL_CONVERSION = YES;
				CLANG_WARN_OBJC_ROOT_CLASS = YES_ERROR;
				CLANG_WARN_QUOTED_INCLUDE_IN_FRAMEWORK_HEADER = YES;
				CLANG_WARN_RANGE_LOOP_ANALYSIS = YES;
				CLANG_WARN_STRICT_PROTOTYPES = YES;
				CLANG_WARN_SUSPICIOUS_MOVE = YES;
				CLANG_WARN_UNGUARDED_AVAILABILITY = YES_AGGRESSIVE;
				CLANG_WARN_UNREACHABLE_CODE = YES;
				CLANG_WARN__DUPLICATE_METHOD_MATCH = YES;
				COPY_PHASE_STRIP = NO;
				DEBUG_INFORMATION_FORMAT = "dwarf-with-dsym";
				DEVELOPMENT_TEAM = 4TJAX36LVS;
				ENABLE_NS_ASSERTIONS = NO;
				ENABLE_STRICT_OBJC_MSGSEND = YES;
				ENABLE_USER_SCRIPT_SANDBOXING = YES;
				GCC_C_LANGUAGE_STANDARD = gnu17;
				GCC_NO_COMMON_BLOCKS = YES;
				GCC_WARN_64_TO_32_BIT_CONVERSION = YES;
				GCC_WARN_ABOUT_RETURN_TYPE = YES_ERROR;
				GCC_WARN_UNDECLARED_SELECTOR = YES;
				GCC_WARN_UNINITIALIZED_AUTOS = YES_AGGRESSIVE;
				GCC_WARN_UNUSED_FUNCTION = YES;
				GCC_WARN_UNUSED_VARIABLE = YES;
				IPHONEOS_DEPLOYMENT_TARGET = 18.5;
				LOCALIZATION_PREFERS_STRING_CATALOGS = YES;
				MTL_ENABLE_DEBUG_INFO = NO;
				MTL_FAST_MATH = YES;
				SDKROOT = iphoneos;
				SWIFT_COMPILATION_MODE = wholemodule;
				VALIDATE_PRODUCT = YES;
			};
			name = Release;
		};
		BAA39BC92F0BFC66001D5279 /* Debug */ = {
			isa = XCBuildConfiguration;
			buildSettings = {
				ASSETCATALOG_COMPILER_APPICON_NAME = AppIcon;
				ASSETCATALOG_COMPILER_GLOBAL_ACCENT_COLOR_NAME = AccentColor;
				CODE_SIGN_STYLE = Automatic;
				CURRENT_PROJECT_VERSION = 1;
				DEVELOPMENT_TEAM = 4TJAX36LVS;
				ENABLE_PREVIEWS = YES;
				GENERATE_INFOPLIST_FILE = YES;
				INFOPLIST_KEY_UIApplicationSceneManifest_Generation = YES;
				INFOPLIST_KEY_UIApplicationSupportsIndirectInputEvents = YES;
				INFOPLIST_KEY_UILaunchScreen_Generation = YES;
				INFOPLIST_KEY_UISupportedInterfaceOrientations_iPad = "UIInterfaceOrientationPortrait UIInterfaceOrientationPortraitUpsideDown UIInterfaceOrientationLandscapeLeft UIInterfaceOrientationLandscapeRight";
				INFOPLIST_KEY_UISupportedInterfaceOrientations_iPhone = "UIInterfaceOrientationPortrait UIInterfaceOrientationLandscapeLeft UIInterfaceOrientationLandscapeRight";
				LD_RUNPATH_SEARCH_PATHS = (
					"$(inherited)",
					"@executable_path/Frameworks",
				);
				MARKETING_VERSION = 1.0;
				PRODUCT_BUNDLE_IDENTIFIER = esprit.ruleGo;
				PRODUCT_NAME = "$(TARGET_NAME)";
				SWIFT_EMIT_LOC_STRINGS = YES;
				SWIFT_VERSION = 5.0;
				TARGETED_DEVICE_FAMILY = "1,2";
			};
			name = Debug;
		};
		BAA39BCA2F0BFC66001D5279 /* Release */ = {
			isa = XCBuildConfiguration;
			buildSettings = {
				ASSETCATALOG_COMPILER_APPICON_NAME = AppIcon;
				ASSETCATALOG_COMPILER_GLOBAL_ACCENT_COLOR_NAME = AccentColor;
				CODE_SIGN_STYLE = Automatic;
				CURRENT_PROJECT_VERSION = 1;
				DEVELOPMENT_TEAM = 4TJAX36LVS;
				ENABLE_PREVIEWS = YES;
				GENERATE_INFOPLIST_FILE = YES;
				INFOPLIST_KEY_UIApplicationSceneManifest_Generation = YES;
				INFOPLIST_KEY_UIApplicationSupportsIndirectInputEvents = YES;
				INFOPLIST_KEY_UILaunchScreen_Generation = YES;
				INFOPLIST_KEY_UISupportedInterfaceOrientations_iPad = "UIInterfaceOrientationPortrait UIInterfaceOrientationPortraitUpsideDown UIInterfaceOrientationLandscapeLeft UIInterfaceOrientationLandscapeRight";
				INFOPLIST_KEY_UISupportedInterfaceOrientations_iPhone = "UIInterfaceOrientationPortrait UIInterfaceOrientationLandscapeLeft UIInterfaceOrientationLandscapeRight";
				LD_RUNPATH_SEARCH_PATHS = (
					"$(inherited)",
					"@executable_path/Frameworks",
				);
				MARKETING_VERSION = 1.0;
				PRODUCT_BUNDLE_IDENTIFIER = esprit.ruleGo;
				PRODUCT_NAME = "$(TARGET_NAME)";
				SWIFT_EMIT_LOC_STRINGS = YES;
				SWIFT_VERSION = 5.0;
				TARGETED_DEVICE_FAMILY = "1,2";
			};
			name = Release;
		};
		BAA39BCC2F0BFC66001D5279 /* Debug */ = {
			isa = XCBuildConfiguration;
			buildSettings = {
				BUNDLE_LOADER = "$(TEST_HOST)";
				CODE_SIGN_STYLE = Automatic;
				CURRENT_PROJECT_VERSION = 1;
				DEVELOPMENT_TEAM = 4TJAX36LVS;
				GENERATE_INFOPLIST_FILE = YES;
				IPHONEOS_DEPLOYMENT_TARGET = 18.5;
				MARKETING_VERSION = 1.0;
				PRODUCT_BUNDLE_IDENTIFIER = esprit.ruleGoTests;
				PRODUCT_NAME = "$(TARGET_NAME)";
				SWIFT_EMIT_LOC_STRINGS = NO;
				SWIFT_VERSION = 5.0;
				TARGETED_DEVICE_FAMILY = "1,2";
				TEST_HOST = "$(BUILT_PRODUCTS_DIR)/ruleGo.app/$(BUNDLE_EXECUTABLE_FOLDER_PATH)/ruleGo";
			};
			name = Debug;
		};
		BAA39BCD2F0BFC66001D5279 /* Release */ = {
			isa = XCBuildConfiguration;
			buildSettings = {
				BUNDLE_LOADER = "$(TEST_HOST)";
				CODE_SIGN_STYLE = Automatic;
				CURRENT_PROJECT_VERSION = 1;
				DEVELOPMENT_TEAM = 4TJAX36LVS;
				GENERATE_INFOPLIST_FILE = YES;
				IPHONEOS_DEPLOYMENT_TARGET = 18.5;
				MARKETING_VERSION = 1.0;
				PRODUCT_BUNDLE_IDENTIFIER = esprit.ruleGoTests;
				PRODUCT_NAME = "$(TARGET_NAME)";
				SWIFT_EMIT_LOC_STRINGS = NO;
				SWIFT_VERSION = 5.0;
				TARGETED_DEVICE_FAMILY = "1,2";
				TEST_HOST = "$(BUILT_PRODUCTS_DIR)/ruleGo.app/$(BUNDLE_EXECUTABLE_FOLDER_PATH)/ruleGo";
			};
			name = Release;
		};
		BAA39BCF2F0BFC66001D5279 /* Debug */ = {
			isa = XCBuildConfiguration;
			buildSettings = {
				CODE_SIGN_STYLE = Automatic;
				CURRENT_PROJECT_VERSION = 1;
				DEVELOPMENT_TEAM = 4TJAX36LVS;
				GENERATE_INFOPLIST_FILE = YES;
				MARKETING_VERSION = 1.0;
				PRODUCT_BUNDLE_IDENTIFIER = esprit.ruleGoUITests;
				PRODUCT_NAME = "$(TARGET_NAME)";
				SWIFT_EMIT_LOC_STRINGS = NO;
				SWIFT_VERSION = 5.0;
				TARGETED_DEVICE_FAMILY = "1,2";
				TEST_TARGET_NAME = ruleGo;
			};
			name = Debug;
		};
		BAA39BD02F0BFC66001D5279 /* Release */ = {
			isa = XCBuildConfiguration;
			buildSettings = {
				CODE_SIGN_STYLE = Automatic;
				CURRENT_PROJECT_VERSION = 1;
				DEVELOPMENT_TEAM = 4TJAX36LVS;
				GENERATE_INFOPLIST_FILE = YES;
				MARKETING_VERSION = 1.0;
				PRODUCT_BUNDLE_IDENTIFIER = esprit.ruleGoUITests;
				PRODUCT_NAME = "$(TARGET_NAME)";
				SWIFT_EMIT_LOC_STRINGS = NO;
				SWIFT_VERSION = 5.0;
				TARGETED_DEVICE_FAMILY = "1,2";
				TEST_TARGET_NAME = ruleGo;
			};
			name = Release;
		};
/* End XCBuildConfiguration section */

/* Begin XCConfigurationList section */
		BAA39B9D2F0BFC66001D5279 /* Build configuration list for PBXProject "ruleGo" */ = {
			isa = XCConfigurationList;
			buildConfigurations = (
				BAA39BC62F0BFC66001D5279 /* Debug */,
				BAA39BC72F0BFC66001D5279 /* Release */,
			);
			defaultConfigurationIsVisible = 0;
			defaultConfigurationName = Release;
		};
		BAA39BC82F0BFC66001D5279 /* Build configuration list for PBXNativeTarget "ruleGo" */ = {
			isa = XCConfigurationList;
			buildConfigurations = (
				BAA39BC92F0BFC66001D5279 /* Debug */,
				BAA39BCA2F0BFC66001D5279 /* Release */,
			);
			defaultConfigurationIsVisible = 0;
			defaultConfigurationName = Release;
		};
		BAA39BCB2F0BFC66001D5279 /* Build configuration list for PBXNativeTarget "ruleGoTests" */ = {
			isa = XCConfigurationList;
			buildConfigurations = (
				BAA39BCC2F0BFC66001D5279 /* Debug */,
				BAA39BCD2F0BFC66001D5279 /* Release */,
			);
			defaultConfigurationIsVisible = 0;
			defaultConfigurationName = Release;
		};
		BAA39BCE2F0BFC66001D5279 /* Build configuration list for PBXNativeTarget "ruleGoUITests" */ = {
			isa = XCConfigurationList;
			buildConfigurations = (
				BAA39BCF2F0BFC66001D5279 /* Debug */,
				BAA39BD02F0BFC66001D5279 /* Release */,
			);
			defaultConfigurationIsVisible = 0;
			defaultConfigurationName = Release;
		};
/* End XCConfigurationList section */
	};
	rootObject = BAA39B9A2F0BFC66001D5279 /* Project object */;
}
